
Microsoft Visual Studio Solution File, Format Version 12.00
# Visual Studio 15
VisualStudioVersion = 15.0.28307.1145
MinimumVisualStudioVersion = 10.0.40219.1
Project("{FAE04EC0-301F-11D3-BF4B-00C04F79EFBC}") = "Entity", "Entity\Entity.csproj", "{ED2A6C32-2630-4B79-81B0-307A60487E85}"
EndProject
Project("{FAE04EC0-301F-11D3-BF4B-00C04F79EFBC}") = "DataBaseAccessFactory_DAL", "DataAccessFactory_DAL\DataBaseAccessFactory_DAL.csproj", "{E6D12DBA-27E7-437F-B579-80DF91BE2EC0}"
EndProject
Project("{FAE04EC0-301F-11D3-BF4B-00C04F79EFBC}") = "SQLServerAccess_DAL", "SQLServerAccess_DAL\SQLServerAccess_DAL.csproj", "{FCA6A878-E631-42B4-9837-72A9D976599C}"
EndProject
Project("{FAE04EC0-301F-11D3-BF4B-00C04F79EFBC}") = "ExerciseGeneratorAccessFactory_DAL", "ExerciseGeneratorAccessFactory_DAL\ExerciseGeneratorAccessFactory_DAL.csproj", "{909218F1-F10E-4651-A495-77AE842761EC}"
EndProject
Project("{2150E333-8FDC-42A3-9474-1A3956D46DE8}") = "DataBaseAccess_DAL", "DataBaseAccess_DAL", "{09247857-CCDF-4EC4-95C4-4F9434B5BC3C}"
EndProject
Project("{2150E333-8FDC-42A3-9474-1A3956D46DE8}") = "ExerciseGeneratorAccess_DAL", "ExerciseGeneratorAccess_DAL", "{32906A5E-733E-426F-8D4D-82B5001FEAB1}"
EndProject
Project("{FAE04EC0-301F-11D3-BF4B-00C04F79EFBC}") = "ExerciseGeneratorAccess_DAL", "ExerciseGeneratorAccess_DAL\ExerciseGeneratorAccess_DAL.csproj", "{562FC359-CA94-4D54-AE70-69FCC4D913BC}"
EndProject
Project("{2150E333-8FDC-42A3-9474-1A3956D46DE8}") = "BusinessLogic_BLL", "BusinessLogic_BLL", "{61A07B99-9B37-4427-AEDF-1CDB8133D863}"
EndProject
Project("{FAE04EC0-301F-11D3-BF4B-00C04F79EFBC}") = "BusinessLogic_BLL", "BusinessLogic_BLL\BusinessLogic_BLL.csproj", "{78AE674B-1934-4A4B-B622-A11470CFBAC2}"
EndProject
Project("{2150E333-8FDC-42A3-9474-1A3956D46DE8}") = "ExampleTest_UIL", "ExampleTest_UIL", "{1DE2D519-0E68-44C7-83FE-7990C2E31AC3}"
EndProject
Project("{FAE04EC0-301F-11D3-BF4B-00C04F79EFBC}") = "ExampleTest_UIL", "ExampleTest_UIL\ExampleTest_UIL.csproj", "{4449D3FC-39F9-4439-81F7-288A5E2ABC6D}"
EndProject
Project("{2150E333-8FDC-42A3-9474-1A3956D46DE8}") = "WebServer_UIL", "WebServer_UIL", "{5F3F756F-7AB3-426C-895D-BC3AA6B38082}"
EndProject
Project("{FAE04EC0-301F-11D3-BF4B-00C04F79EFBC}") = "COJServer_UIL", "COJServer_UIL\COJServer_UIL.csproj", "{C0FFB625-DA5B-4397-986D-86D66D39648A}"
EndProject
Global
	GlobalSection(SolutionConfigurationPlatforms) = preSolution
		Debug|Any CPU = Debug|Any CPU
		Release|Any CPU = Release|Any CPU
	EndGlobalSection
	GlobalSection(ProjectConfigurationPlatforms) = postSolution
		{ED2A6C32-2630-4B79-81B0-307A60487E85}.Debug|Any CPU.ActiveCfg = Debug|Any CPU
		{ED2A6C32-2630-4B79-81B0-307A60487E85}.Debug|Any CPU.Build.0 = Debug|Any CPU
		{ED2A6C32-2630-4B79-81B0-307A60487E85}.Release|Any CPU.ActiveCfg = Release|Any CPU
		{ED2A6C32-2630-4B79-81B0-307A60487E85}.Release|Any CPU.Build.0 = Release|Any CPU
		{E6D12DBA-27E7-437F-B579-80DF91BE2EC0}.Debug|Any CPU.ActiveCfg = Debug|Any CPU
		{E6D12DBA-27E7-437F-B579-80DF91BE2EC0}.Debug|Any CPU.Build.0 = Debug|Any CPU
		{E6D12DBA-27E7-437F-B579-80DF91BE2EC0}.Release|Any CPU.ActiveCfg = Release|Any CPU
		{E6D12DBA-27E7-437F-B579-80DF91BE2EC0}.Release|Any CPU.Build.0 = Release|Any CPU
		{FCA6A878-E631-42B4-9837-72A9D976599C}.Debug|Any CPU.ActiveCfg = Debug|Any CPU
		{FCA6A878-E631-42B4-9837-72A9D976599C}.Debug|Any CPU.Build.0 = Debug|Any CPU
		{FCA6A878-E631-42B4-9837-72A9D976599C}.Release|Any CPU.ActiveCfg = Release|Any CPU
		{FCA6A878-E631-42B4-9837-72A9D976599C}.Release|Any CPU.Build.0 = Release|Any CPU
		{909218F1-F10E-4651-A495-77AE842761EC}.Debug|Any CPU.ActiveCfg = Debug|Any CPU
		{909218F1-F10E-4651-A495-77AE842761EC}.Debug|Any CPU.Build.0 = Debug|Any CPU
		{909218F1-F10E-4651-A495-77AE842761EC}.Release|Any CPU.ActiveCfg = Release|Any CPU
		{909218F1-F10E-4651-A495-77AE842761EC}.Release|Any CPU.Build.0 = Release|Any CPU
		{562FC359-CA94-4D54-AE70-69FCC4D913BC}.Debug|Any CPU.ActiveCfg = Debug|Any CPU
		{562FC359-CA94-4D54-AE70-69FCC4D913BC}.Debug|Any CPU.Build.0 = Debug|Any CPU
		{562FC359-CA94-4D54-AE70-69FCC4D913BC}.Release|Any CPU.ActiveCfg = Release|Any CPU
		{562FC359-CA94-4D54-AE70-69FCC4D913BC}.Release|Any CPU.Build.0 = Release|Any CPU
		{78AE674B-1934-4A4B-B622-A11470CFBAC2}.Debug|Any CPU.ActiveCfg = Debug|Any CPU
		{78AE674B-1934-4A4B-B622-A11470CFBAC2}.Debug|Any CPU.Build.0 = Debug|Any CPU
		{78AE674B-1934-4A4B-B622-A11470CFBAC2}.Release|Any CPU.ActiveCfg = Release|Any CPU
		{78AE674B-1934-4A4B-B622-A11470CFBAC2}.Release|Any CPU.Build.0 = Release|Any CPU
		{4449D3FC-39F9-4439-81F7-288A5E2ABC6D}.Debug|Any CPU.ActiveCfg = Debug|Any CPU
		{4449D3FC-39F9-4439-81F7-288A5E2ABC6D}.Debug|Any CPU.Build.0 = Debug|Any CPU
		{4449D3FC-39F9-4439-81F7-288A5E2ABC6D}.Release|Any CPU.ActiveCfg = Release|Any CPU
		{4449D3FC-39F9-4439-81F7-288A5E2ABC6D}.Release|Any CPU.Build.0 = Release|Any CPU
		{C0FFB625-DA5B-4397-986D-86D66D39648A}.Debug|Any CPU.ActiveCfg = Debug|Any CPU
		{C0FFB625-DA5B-4397-986D-86D66D39648A}.Debug|Any CPU.Build.0 = Debug|Any CPU
		{C0FFB625-DA5B-4397-986D-86D66D39648A}.Release|Any CPU.ActiveCfg = Release|Any CPU
		{C0FFB625-DA5B-4397-986D-86D66D39648A}.Release|Any CPU.Build.0 = Release|Any CPU
	EndGlobalSection
	GlobalSection(SolutionProperties) = preSolution
		HideSolutionNode = FALSE
	EndGlobalSection
	GlobalSection(NestedProjects) = preSolution
		{E6D12DBA-27E7-437F-B579-80DF91BE2EC0} = {09247857-CCDF-4EC4-95C4-4F9434B5BC3C}
		{FCA6A878-E631-42B4-9837-72A9D976599C} = {09247857-CCDF-4EC4-95C4-4F9434B5BC3C}
		{909218F1-F10E-4651-A495-77AE842761EC} = {32906A5E-733E-426F-8D4D-82B5001FEAB1}
		{562FC359-CA94-4D54-AE70-69FCC4D913BC} = {32906A5E-733E-426F-8D4D-82B5001FEAB1}
		{78AE674B-1934-4A4B-B622-A11470CFBAC2} = {61A07B99-9B37-4427-AEDF-1CDB8133D863}
		{4449D3FC-39F9-4439-81F7-288A5E2ABC6D} = {1DE2D519-0E68-44C7-83FE-7990C2E31AC3}
		{C0FFB625-DA5B-4397-986D-86D66D39648A} = {5F3F756F-7AB3-426C-895D-BC3AA6B38082}
	EndGlobalSection
	GlobalSection(ExtensibilityGlobals) = postSolution
		SolutionGuid = {488E229A-5177-42DA-8733-BAFB6E2E08D3}
	EndGlobalSection
EndGlobal
